
Microsoft Visual Studio Solution File, Format Version 12.00
# Visual Studio Version 17
VisualStudioVersion = 17.10.35013.160
MinimumVisualStudioVersion = 10.0.40219.1
Project("{9A19103F-16F7-4668-BE54-9A1E7A4F7556}") = "TFNABNValidate", "..\TFNABNValidate\TFNABNValidate\TFNABNValidate.csproj", "{88BC1462-0534-4358-970F-91F5B211F4E8}"
EndProject
Project("{FAE04EC0-301F-11D3-BF4B-00C04F79EFBC}") = "TFNABNValidateConsole", "TFNABNValidateConsole\TFNABNValidateConsole.csproj", "{DA9A089B-2976-466F-B02B-86CED67B2955}"
EndProject
Project("{FAE04EC0-301F-11D3-BF4B-00C04F79EFBC}") = "TFNABNValidateTests", "TFNABNValidateTests\TFNABNValidateTests.csproj", "{9B23DC3F-4581-459A-A6B9-00A4FDB3C012}"
EndProject
Global
	GlobalSection(SolutionConfigurationPlatforms) = preSolution
		Debug|Any CPU = Debug|Any CPU
		Release|Any CPU = Release|Any CPU
	EndGlobalSection
	GlobalSection(ProjectConfigurationPlatforms) = postSolution
		{88BC1462-0534-4358-970F-91F5B211F4E8}.Debug|Any CPU.ActiveCfg = Debug|Any CPU
		{88BC1462-0534-4358-970F-91F5B211F4E8}.Debug|Any CPU.Build.0 = Debug|Any CPU
		{88BC1462-0534-4358-970F-91F5B211F4E8}.Release|Any CPU.ActiveCfg = Release|Any CPU
		{88BC1462-0534-4358-970F-91F5B211F4E8}.Release|Any CPU.Build.0 = Release|Any CPU
		{DA9A089B-2976-466F-B02B-86CED67B2955}.Debug|Any CPU.ActiveCfg = Debug|Any CPU
		{DA9A089B-2976-466F-B02B-86CED67B2955}.Debug|Any CPU.Build.0 = Debug|Any CPU
		{DA9A089B-2976-466F-B02B-86CED67B2955}.Release|Any CPU.ActiveCfg = Release|Any CPU
		{DA9A089B-2976-466F-B02B-86CED67B2955}.Release|Any CPU.Build.0 = Release|Any CPU
		{9B23DC3F-4581-459A-A6B9-00A4FDB3C012}.Debug|Any CPU.ActiveCfg = Debug|Any CPU
		{9B23DC3F-4581-459A-A6B9-00A4FDB3C012}.Debug|Any CPU.Build.0 = Debug|Any CPU
		{9B23DC3F-4581-459A-A6B9-00A4FDB3C012}.Release|Any CPU.ActiveCfg = Release|Any CPU
		{9B23DC3F-4581-459A-A6B9-00A4FDB3C012}.Release|Any CPU.Build.0 = Release|Any CPU
	EndGlobalSection
	GlobalSection(SolutionProperties) = preSolution
		HideSolutionNode = FALSE
	EndGlobalSection
	GlobalSection(ExtensibilityGlobals) = postSolution
		SolutionGuid = {70984C4C-F340-4628-9567-7858A0FE1272}
	EndGlobalSection
EndGlobal
